// !$*UTF8*$!
{
	archiveVersion = 1;
	classes = {
	};
	objectVersion = 46;
	objects = {

/* Begin PBXBuildFile section */
		7F157D611ADD5F7800A48F04 /* CalculatorModel.m in Sources */ = {isa = PBXBuildFile; fileRef = 7F157D601ADD5F7800A48F04 /* CalculatorModel.m */; };
		7FB2F42A1ADCEA5E00AB07E4 /* main.m in Sources */ = {isa = PBXBuildFile; fileRef = 7FB2F4291ADCEA5E00AB07E4 /* main.m */; };
		7FB2F42D1ADCEA5E00AB07E4 /* AppDelegate.m in Sources */ = {isa = PBXBuildFile; fileRef = 7FB2F42C1ADCEA5E00AB07E4 /* AppDelegate.m */; };
		7FB2F4301ADCEA5E00AB07E4 /* ViewController.m in Sources */ = {isa = PBXBuildFile; fileRef = 7FB2F42F1ADCEA5E00AB07E4 /* ViewController.m */; };
		7FB2F4331ADCEA5E00AB07E4 /* Main.storyboard in Resources */ = {isa = PBXBuildFile; fileRef = 7FB2F4311ADCEA5E00AB07E4 /* Main.storyboard */; };
		7FB2F4351ADCEA5E00AB07E4 /* Images.xcassets in Resources */ = {isa = PBXBuildFile; fileRef = 7FB2F4341ADCEA5E00AB07E4 /* Images.xcassets */; };
		7FB2F4381ADCEA5E00AB07E4 /* LaunchScreen.xib in Resources */ = {isa = PBXBuildFile; fileRef = 7FB2F4361ADCEA5E00AB07E4 /* LaunchScreen.xib */; };
		7FB2F4441ADCEA5E00AB07E4 /* calculatorTests.m in Sources */ = {isa = PBXBuildFile; fileRef = 7FB2F4431ADCEA5E00AB07E4 /* calculatorTests.m */; };
/* End PBXBuildFile section */

/* Begin PBXContainerItemProxy section */
		7FB2F43E1ADCEA5E00AB07E4 /* PBXContainerItemProxy */ = {
			isa = PBXContainerItemProxy;
			containerPortal = 7FB2F41C1ADCEA5E00AB07E4 /* Project object */;
			proxyType = 1;
			remoteGlobalIDString = 7FB2F4231ADCEA5E00AB07E4;
			remoteInfo = calculator;
		};
/* End PBXContainerItemProxy section */

/* Begin PBXFileReference section */
		7F157D5F1ADD5F7800A48F04 /* CalculatorModel.h */ = {isa = PBXFileReference; fileEncoding = 4; lastKnownFileType = sourcecode.c.h; name = CalculatorModel.h; path = calculator/CalculatorModel.h; sourceTree = "<group>"; };
		7F157D601ADD5F7800A48F04 /* CalculatorModel.m */ = {isa = PBXFileReference; fileEncoding = 4; lastKnownFileType = sourcecode.c.objc; name = CalculatorModel.m; path = calculator/CalculatorModel.m; sourceTree = "<group>"; };
		7FB2F4241ADCEA5E00AB07E4 /* calculator.app */ = {isa = PBXFileReference; explicitFileType = wrapper.application; includeInIndex = 0; path = calculator.app; sourceTree = BUILT_PRODUCTS_DIR; };
		7FB2F4281ADCEA5E00AB07E4 /* Info.plist */ = {isa = PBXFileReference; lastKnownFileType = text.plist.xml; path = Info.plist; sourceTree = "<group>"; };
		7FB2F4291ADCEA5E00AB07E4 /* main.m */ = {isa = PBXFileReference; lastKnownFileType = sourcecode.c.objc; path = main.m; sourceTree = "<group>"; };
		7FB2F42B1ADCEA5E00AB07E4 /* AppDelegate.h */ = {isa = PBXFileReference; lastKnownFileType = sourcecode.c.h; path = AppDelegate.h; sourceTree = "<group>"; };
		7FB2F42C1ADCEA5E00AB07E4 /* AppDelegate.m */ = {isa = PBXFileReference; lastKnownFileType = sourcecode.c.objc; path = AppDelegate.m; sourceTree = "<group>"; };
		7FB2F42E1ADCEA5E00AB07E4 /* ViewController.h */ = {isa = PBXFileReference; lastKnownFileType = sourcecode.c.h; path = ViewController.h; sourceTree = "<group>"; };
		7FB2F42F1ADCEA5E00AB07E4 /* ViewController.m */ = {isa = PBXFileReference; lastKnownFileType = sourcecode.c.objc; path = ViewController.m; sourceTree = "<group>"; };
		7FB2F4321ADCEA5E00AB07E4 /* Base */ = {isa = PBXFileReference; lastKnownFileType = file.storyboard; name = Base; path = Base.lproj/Main.storyboard; sourceTree = "<group>"; };
		7FB2F4341ADCEA5E00AB07E4 /* Images.xcassets */ = {isa = PBXFileReference; lastKnownFileType = folder.assetcatalog; path = Images.xcassets; sourceTree = "<group>"; };
		7FB2F4371ADCEA5E00AB07E4 /* Base */ = {isa = PBXFileReference; lastKnownFileType = file.xib; name = Base; path = Base.lproj/LaunchScreen.xib; sourceTree = "<group>"; };
		7FB2F43D1ADCEA5E00AB07E4 /* calculatorTests.xctest */ = {isa = PBXFileReference; explicitFileType = wrapper.cfbundle; includeInIndex = 0; path = calculatorTests.xctest; sourceTree = BUILT_PRODUCTS_DIR; };
		7FB2F4421ADCEA5E00AB07E4 /* Info.plist */ = {isa = PBXFileReference; lastKnownFileType = text.plist.xml; path = Info.plist; sourceTree = "<group>"; };
		7FB2F4431ADCEA5E00AB07E4 /* calculatorTests.m */ = {isa = PBXFileReference; lastKnownFileType = sourcecode.c.objc; path = calculatorTests.m; sourceTree = "<group>"; };
/* End PBXFileReference section */

/* Begin PBXFrameworksBuildPhase section */
		7FB2F4211ADCEA5E00AB07E4 /* Frameworks */ = {
			isa = PBXFrameworksBuildPhase;
			buildActionMask = 2147483647;
			files = (
			);
			runOnlyForDeploymentPostprocessing = 0;
		};
		7FB2F43A1ADCEA5E00AB07E4 /* Frameworks */ = {
			isa = PBXFrameworksBuildPhase;
			buildActionMask = 2147483647;
			files = (
			);
			runOnlyForDeploymentPostprocessing = 0;
		};
/* End PBXFrameworksBuildPhase section */

/* Begin PBXGroup section */
		7F157D621ADD637D00A48F04 /* model */ = {
			isa = PBXGroup;
			children = (
				7F157D5F1ADD5F7800A48F04 /* CalculatorModel.h */,
				7F157D601ADD5F7800A48F04 /* CalculatorModel.m */,
			);
			name = model;
			sourceTree = "<group>";
		};
		7FB2F41B1ADCEA5E00AB07E4 = {
			isa = PBXGroup;
			children = (
				7F157D621ADD637D00A48F04 /* model */,
				7FB2F4261ADCEA5E00AB07E4 /* calculator */,
				7FB2F4401ADCEA5E00AB07E4 /* calculatorTests */,
				7FB2F4251ADCEA5E00AB07E4 /* Products */,
			);
			sourceTree = "<group>";
		};
		7FB2F4251ADCEA5E00AB07E4 /* Products */ = {
			isa = PBXGroup;
			children = (
				7FB2F4241ADCEA5E00AB07E4 /* calculator.app */,
				7FB2F43D1ADCEA5E00AB07E4 /* calculatorTests.xctest */,
			);
			name = Products;
			sourceTree = "<group>";
		};
		7FB2F4261ADCEA5E00AB07E4 /* calculator */ = {
			isa = PBXGroup;
			children = (
				7FB2F42B1ADCEA5E00AB07E4 /* AppDelegate.h */,
				7FB2F42C1ADCEA5E00AB07E4 /* AppDelegate.m */,
				7FB2F42E1ADCEA5E00AB07E4 /* ViewController.h */,
				7FB2F42F1ADCEA5E00AB07E4 /* ViewController.m */,
				7FB2F4311ADCEA5E00AB07E4 /* Main.storyboard */,
				7FB2F4341ADCEA5E00AB07E4 /* Images.xcassets */,
				7FB2F4361ADCEA5E00AB07E4 /* LaunchScreen.xib */,
				7FB2F4271ADCEA5E00AB07E4 /* Supporting Files */,
			);
			path = calculator;
			sourceTree = "<group>";
		};
		7FB2F4271ADCEA5E00AB07E4 /* Supporting Files */ = {
			isa = PBXGroup;
			children = (
				7FB2F4281ADCEA5E00AB07E4 /* Info.plist */,
				7FB2F4291ADCEA5E00AB07E4 /* main.m */,
			);
			name = "Supporting Files";
			sourceTree = "<group>";
		};
		7FB2F4401ADCEA5E00AB07E4 /* calculatorTests */ = {
			isa = PBXGroup;
			children = (
				7FB2F4431ADCEA5E00AB07E4 /* calculatorTests.m */,
				7FB2F4411ADCEA5E00AB07E4 /* Supporting Files */,
			);
			path = calculatorTests;
			sourceTree = "<group>";
		};
		7FB2F4411ADCEA5E00AB07E4 /* Supporting Files */ = {
			isa = PBXGroup;
			children = (
				7FB2F4421ADCEA5E00AB07E4 /* Info.plist */,
			);
			name = "Supporting Files";
			sourceTree = "<group>";
		};
/* End PBXGroup section */

/* Begin PBXNativeTarget section */
		7FB2F4231ADCEA5E00AB07E4 /* calculator */ = {
			isa = PBXNativeTarget;
			buildConfigurationList = 7FB2F4471ADCEA5E00AB07E4 /* Build configuration list for PBXNativeTarget "calculator" */;
			buildPhases = (
				7FB2F4201ADCEA5E00AB07E4 /* Sources */,
				7FB2F4211ADCEA5E00AB07E4 /* Frameworks */,
				7FB2F4221ADCEA5E00AB07E4 /* Resources */,
			);
			buildRules = (
			);
			dependencies = (
			);
			name = calculator;
			productName = calculator;
			productReference = 7FB2F4241ADCEA5E00AB07E4 /* calculator.app */;
			productType = "com.apple.product-type.application";
		};
		7FB2F43C1ADCEA5E00AB07E4 /* calculatorTests */ = {
			isa = PBXNativeTarget;
			buildConfigurationList = 7FB2F44A1ADCEA5E00AB07E4 /* Build configuration list for PBXNativeTarget "calculatorTests" */;
			buildPhases = (
				7FB2F4391ADCEA5E00AB07E4 /* Sources */,
				7FB2F43A1ADCEA5E00AB07E4 /* Frameworks */,
				7FB2F43B1ADCEA5E00AB07E4 /* Resources */,
			);
			buildRules = (
			);
			dependencies = (
				7FB2F43F1ADCEA5E00AB07E4 /* PBXTargetDependency */,
			);
			name = calculatorTests;
			productName = calculatorTests;
			productReference = 7FB2F43D1ADCEA5E00AB07E4 /* calculatorTests.xctest */;
			productType = "com.apple.product-type.bundle.unit-test";
		};
/* End PBXNativeTarget section */

/* Begin PBXProject section */
		7FB2F41C1ADCEA5E00AB07E4 /* Project object */ = {
			isa = PBXProject;
			attributes = {
				LastUpgradeCheck = 0630;
				ORGANIZATIONNAME = Keming;
				TargetAttributes = {
					7FB2F4231ADCEA5E00AB07E4 = {
						CreatedOnToolsVersion = 6.3;
					};
					7FB2F43C1ADCEA5E00AB07E4 = {
						CreatedOnToolsVersion = 6.3;
						TestTargetID = 7FB2F4231ADCEA5E00AB07E4;
					};
				};
			};
			buildConfigurationList = 7FB2F41F1ADCEA5E00AB07E4 /* Build configuration list for PBXProject "calculator" */;
			compatibilityVersion = "Xcode 3.2";
			developmentRegion = English;
			hasScannedForEncodings = 0;
			knownRegions = (
				en,
				Base,
			);
			mainGroup = 7FB2F41B1ADCEA5E00AB07E4;
			productRefGroup = 7FB2F4251ADCEA5E00AB07E4 /* Products */;
			projectDirPath = "";
			projectRoot = "";
			targets = (
				7FB2F4231ADCEA5E00AB07E4 /* calculator */,
				7FB2F43C1ADCEA5E00AB07E4 /* calculatorTests */,
			);
		};
/* End PBXProject section */

/* Begin PBXResourcesBuildPhase section */
		7FB2F4221ADCEA5E00AB07E4 /* Resources */ = {
			isa = PBXResourcesBuildPhase;
			buildActionMask = 2147483647;
			files = (
				7FB2F4331ADCEA5E00AB07E4 /* Main.storyboard in Resources */,
				7FB2F4381ADCEA5E00AB07E4 /* LaunchScreen.xib in Resources */,
				7FB2F4351ADCEA5E00AB07E4 /* Images.xcassets in Resources */,
			);
			runOnlyForDeploymentPostprocessing = 0;
		};
		7FB2F43B1ADCEA5E00AB07E4 /* Resources */ = {
			isa = PBXResourcesBuildPhase;
			buildActionMask = 2147483647;
			files = (
			);
			runOnlyForDeploymentPostprocessing = 0;
		};
/* End PBXResourcesBuildPhase section */

/* Begin PBXSourcesBuildPhase section */
		7FB2F4201ADCEA5E00AB07E4 /* Sources */ = {
			isa = PBXSourcesBuildPhase;
			buildActionMask = 2147483647;
			files = (
				7FB2F4301ADCEA5E00AB07E4 /* ViewController.m in Sources */,
				7FB2F42D1ADCEA5E00AB07E4 /* AppDelegate.m in Sources */,
				7FB2F42A1ADCEA5E00AB07E4 /* main.m in Sources */,
				7F157D611ADD5F7800A48F04 /* CalculatorModel.m in Sources */,
			);
			runOnlyForDeploymentPostprocessing = 0;
		};
		7FB2F4391ADCEA5E00AB07E4 /* Sources */ = {
			isa = PBXSourcesBuildPhase;
			buildActionMask = 2147483647;
			files = (
				7FB2F4441ADCEA5E00AB07E4 /* calculatorTests.m in Sources */,
			);
			runOnlyForDeploymentPostprocessing = 0;
		};
/* End PBXSourcesBuildPhase section */

/* Begin PBXTargetDependency section */
		7FB2F43F1ADCEA5E00AB07E4 /* PBXTargetDependency */ = {
			isa = PBXTargetDependency;
			target = 7FB2F4231ADCEA5E00AB07E4 /* calculator */;
			targetProxy = 7FB2F43E1ADCEA5E00AB07E4 /* PBXContainerItemProxy */;
		};
/* End PBXTargetDependency section */

/* Begin PBXVariantGroup section */
		7FB2F4311ADCEA5E00AB07E4 /* Main.storyboard */ = {
			isa = PBXVariantGroup;
			children = (
				7FB2F4321ADCEA5E00AB07E4 /* Base */,
			);
			name = Main.storyboard;
			sourceTree = "<group>";
		};
		7FB2F4361ADCEA5E00AB07E4 /* LaunchScreen.xib */ = {
			isa = PBXVariantGroup;
			children = (
				7FB2F4371ADCEA5E00AB07E4 /* Base */,
			);
			name = LaunchScreen.xib;
			sourceTree = "<group>";
		};
/* End PBXVariantGroup section */

/* Begin XCBuildConfiguration section */
		7FB2F4451ADCEA5E00AB07E4 /* Debug */ = {
			isa = XCBuildConfiguration;
			buildSettings = {
				ALWAYS_SEARCH_USER_PATHS = NO;
				CLANG_CXX_LANGUAGE_STANDARD = "gnu++0x";
				CLANG_CXX_LIBRARY = "libc++";
				CLANG_ENABLE_MODULES = YES;
				CLANG_ENABLE_OBJC_ARC = YES;
				CLANG_WARN_BOOL_CONVERSION = YES;
				CLANG_WARN_CONSTANT_CONVERSION = YES;
				CLANG_WARN_DIRECT_OBJC_ISA_USAGE = YES_ERROR;
				CLANG_WARN_EMPTY_BODY = YES;
				CLANG_WARN_ENUM_CONVERSION = YES;
				CLANG_WARN_INT_CONVERSION = YES;
				CLANG_WARN_OBJC_ROOT_CLASS = YES_ERROR;
				CLANG_WARN_UNREACHABLE_CODE = YES;
				CLANG_WARN__DUPLICATE_METHOD_MATCH = YES;
				"CODE_SIGN_IDENTITY[sdk=iphoneos*]" = "iPhone Developer";
				COPY_PHASE_STRIP = NO;
				DEBUG_INFORMATION_FORMAT = "dwarf-with-dsym";
				ENABLE_STRICT_OBJC_MSGSEND = YES;
				GCC_C_LANGUAGE_STANDARD = gnu99;
				GCC_DYNAMIC_NO_PIC = NO;
				GCC_NO_COMMON_BLOCKS = YES;
				GCC_OPTIMIZATION_LEVEL = 0;
				GCC_PREPROCESSOR_DEFINITIONS = (
					"DEBUG=1",
					"$(inherited)",
				);
				GCC_SYMBOLS_PRIVATE_EXTERN = NO;
				GCC_WARN_64_TO_32_BIT_CONVERSION = YES;
				GCC_WARN_ABOUT_RETURN_TYPE = YES_ERROR;
				GCC_WARN_UNDECLARED_SELECTOR = YES;
				GCC_WARN_UNINITIALIZED_AUTOS = YES_AGGRESSIVE;
				GCC_WARN_UNUSED_FUNCTION = YES;
				GCC_WARN_UNUSED_VARIABLE = YES;
				IPHONEOS_DEPLOYMENT_TARGET = 8.3;
				MTL_ENABLE_DEBUG_INFO = YES;
				ONLY_ACTIVE_ARCH = YES;
				SDKROOT = iphoneos;
				TARGETED_DEVICE_FAMILY = "1,2";
			};
			name = Debug;
		};
		7FB2F4461ADCEA5E00AB07E4 /* Release */ = {
			isa = XCBuildConfiguration;
			buildSettings = {
				ALWAYS_SEARCH_USER_PATHS = NO;
				CLANG_CXX_LANGUAGE_STANDARD = "gnu++0x";
				CLANG_CXX_LIBRARY = "libc++";
				CLANG_ENABLE_MODULES = YES;
				CLANG_ENABLE_OBJC_ARC = YES;
				CLANG_WARN_BOOL_CONVERSION = YES;
				CLANG_WARN_CONSTANT_CONVERSION = YES;
				CLANG_WARN_DIRECT_OBJC_ISA_USAGE = YES_ERROR;
				CLANG_WARN_EMPTY_BODY = YES;
				CLANG_WARN_ENUM_CONVERSION = YES;
				CLANG_WARN_INT_CONVERSION = YES;
				CLANG_WARN_OBJC_ROOT_CLASS = YES_ERROR;
				CLANG_WARN_UNREACHABLE_CODE = YES;
				CLANG_WARN__DUPLICATE_METHOD_MATCH = YES;
				"CODE_SIGN_IDENTITY[sdk=iphoneos*]" = "iPhone Developer";
				COPY_PHASE_STRIP = NO;
				DEBUG_INFORMATION_FORMAT = "dwarf-with-dsym";
				ENABLE_NS_ASSERTIONS = NO;
				ENABLE_STRICT_OBJC_MSGSEND = YES;
				GCC_C_LANGUAGE_STANDARD = gnu99;
				GCC_NO_COMMON_BLOCKS = YES;
				GCC_WARN_64_TO_32_BIT_CONVERSION = YES;
				GCC_WARN_ABOUT_RETURN_TYPE = YES_ERROR;
				GCC_WARN_UNDECLARED_SELECTOR = YES;
				GCC_WARN_UNINITIALIZED_AUTOS = YES_AGGRESSIVE;
				GCC_WARN_UNUSED_FUNCTION = YES;
				GCC_WARN_UNUSED_VARIABLE = YES;
				IPHONEOS_DEPLOYMENT_TARGET = 8.3;
				MTL_ENABLE_DEBUG_INFO = NO;
				SDKROOT = iphoneos;
				TARGETED_DEVICE_FAMILY = "1,2";
				VALIDATE_PRODUCT = YES;
			};
			name = Release;
		};
		7FB2F4481ADCEA5E00AB07E4 /* Debug */ = {
			isa = XCBuildConfiguration;
			buildSettings = {
				ASSETCATALOG_COMPILER_APPICON_NAME = AppIcon;
				INFOPLIST_FILE = calculator/Info.plist;
				LD_RUNPATH_SEARCH_PATHS = "$(inherited) @executable_path/Frameworks";
				PRODUCT_NAME = "$(TARGET_NAME)";
			};
			name = Debug;
		};
		7FB2F4491ADCEA5E00AB07E4 /* Release */ = {
			isa = XCBuildConfiguration;
			buildSettings = {
				ASSETCATALOG_COMPILER_APPICON_NAME = AppIcon;
				INFOPLIST_FILE = calculator/Info.plist;
				LD_RUNPATH_SEARCH_PATHS = "$(inherited) @executable_path/Frameworks";
				PRODUCT_NAME = "$(TARGET_NAME)";
			};
			name = Release;
		};
		7FB2F44B1ADCEA5E00AB07E4 /* Debug */ = {
			isa = XCBuildConfiguration;
			buildSettings = {
				BUNDLE_LOADER = "$(TEST_HOST)";
				FRAMEWORK_SEARCH_PATHS = (
					"$(SDKROOT)/Developer/Library/Frameworks",
					"$(inherited)",
				);
				GCC_PREPROCESSOR_DEFINITIONS = (
					"DEBUG=1",
					"$(inherited)",
				);
				INFOPLIST_FILE = calculatorTests/Info.plist;
				LD_RUNPATH_SEARCH_PATHS = "$(inherited) @executable_path/Frameworks @loader_path/Frameworks";
				PRODUCT_NAME = "$(TARGET_NAME)";
				TEST_HOST = "$(BUILT_PRODUCTS_DIR)/calculator.app/calculator";
			};
			name = Debug;
		};
		7FB2F44C1ADCEA5E00AB07E4 /* Release */ = {
			isa = XCBuildConfiguration;
			buildSettings = {
				BUNDLE_LOADER = "$(TEST_HOST)";
				FRAMEWORK_SEARCH_PATHS = (
					"$(SDKROOT)/Developer/Library/Frameworks",
					"$(inherited)",
				);
				INFOPLIST_FILE = calculatorTests/Info.plist;
				LD_RUNPATH_SEARCH_PATHS = "$(inherited) @executable_path/Frameworks @loader_path/Frameworks";
				PRODUCT_NAME = "$(TARGET_NAME)";
				TEST_HOST = "$(BUILT_PRODUCTS_DIR)/calculator.app/calculator";
			};
			name = Release;
		};
/* End XCBuildConfiguration section */

/* Begin XCConfigurationList section */
		7FB2F41F1ADCEA5E00AB07E4 /* Build configuration list for PBXProject "calculator" */ = {
			isa = XCConfigurationList;
			buildConfigurations = (
				7FB2F4451ADCEA5E00AB07E4 /* Debug */,
				7FB2F4461ADCEA5E00AB07E4 /* Release */,
			);
			defaultConfigurationIsVisible = 0;
			defaultConfigurationName = Release;
		};
		7FB2F4471ADCEA5E00AB07E4 /* Build configuration list for PBXNativeTarget "calculator" */ = {
			isa = XCConfigurationList;
			buildConfigurations = (
				7FB2F4481ADCEA5E00AB07E4 /* Debug */,
				7FB2F4491ADCEA5E00AB07E4 /* Release */,
			);
			defaultConfigurationIsVisible = 0;
			defaultConfigurationName = Release;
		};
		7FB2F44A1ADCEA5E00AB07E4 /* Build configuration list for PBXNativeTarget "calculatorTests" */ = {
			isa = XCConfigurationList;
			buildConfigurations = (
				7FB2F44B1ADCEA5E00AB07E4 /* Debug */,
				7FB2F44C1ADCEA5E00AB07E4 /* Release */,
			);
			defaultConfigurationIsVisible = 0;
			defaultConfigurationName = Release;
		};
/* End XCConfigurationList section */
	};
	rootObject = 7FB2F41C1ADCEA5E00AB07E4 /* Project object */;
}
